
Microsoft Visual Studio Solution File, Format Version 12.00
# Visual Studio Version 17
VisualStudioVersion = 17.5.33502.453
MinimumVisualStudioVersion = 10.0.40219.1
Project("{FAE04EC0-301F-11D3-BF4B-00C04F79EFBC}") = "convertCelsius", "convertCelsius.csproj", "{96DEDC0E-2124-4108-ACBA-4AFC2F88B959}"
EndProject
Global
	GlobalSection(SolutionConfigurationPlatforms) = preSolution
		Debug|Any CPU = Debug|Any CPU
		Release|Any CPU = Release|Any CPU
	EndGlobalSection
	GlobalSection(ProjectConfigurationPlatforms) = postSolution
		{96DEDC0E-2124-4108-ACBA-4AFC2F88B959}.Debug|Any CPU.ActiveCfg = Debug|Any CPU
		{96DEDC0E-2124-4108-ACBA-4AFC2F88B959}.Debug|Any CPU.Build.0 = Debug|Any CPU
		{96DEDC0E-2124-4108-ACBA-4AFC2F88B959}.Release|Any CPU.ActiveCfg = Release|Any CPU
		{96DEDC0E-2124-4108-ACBA-4AFC2F88B959}.Release|Any CPU.Build.0 = Release|Any CPU
	EndGlobalSection
	GlobalSection(SolutionProperties) = preSolution
		HideSolutionNode = FALSE
	EndGlobalSection
	GlobalSection(ExtensibilityGlobals) = postSolution
		SolutionGuid = {0E4FA2FA-C5F2-4428-A1F4-CA665E59F98E}
	EndGlobalSection
EndGlobal
